
Microsoft Visual Studio Solution File, Format Version 12.00
# Visual Studio Version 17
VisualStudioVersion = 17.8.34004.107
MinimumVisualStudioVersion = 10.0.40219.1
Project("{FAE04EC0-301F-11D3-BF4B-00C04F79EFBC}") = "ProxyMe", "ProxyMe\ProxyMe.csproj", "{35A58E3C-A56A-4830-87D7-451FBBC90DEF}"
EndProject
Global
	GlobalSection(SolutionConfigurationPlatforms) = preSolution
		Debug|Any CPU = Debug|Any CPU
		Release|Any CPU = Release|Any CPU
	EndGlobalSection
	GlobalSection(ProjectConfigurationPlatforms) = postSolution
		{35A58E3C-A56A-4830-87D7-451FBBC90DEF}.Debug|Any CPU.ActiveCfg = Debug|Any CPU
		{35A58E3C-A56A-4830-87D7-451FBBC90DEF}.Debug|Any CPU.Build.0 = Debug|Any CPU
		{35A58E3C-A56A-4830-87D7-451FBBC90DEF}.Release|Any CPU.ActiveCfg = Release|Any CPU
		{35A58E3C-A56A-4830-87D7-451FBBC90DEF}.Release|Any CPU.Build.0 = Release|Any CPU
	EndGlobalSection
	GlobalSection(SolutionProperties) = preSolution
		HideSolutionNode = FALSE
	EndGlobalSection
	GlobalSection(ExtensibilityGlobals) = postSolution
		SolutionGuid = {FB3BF720-373D-4C31-A2E2-8ADA24C50CA4}
	EndGlobalSection
EndGlobal
